
Microsoft Visual Studio Solution File, Format Version 12.00
# Visual Studio 15
VisualStudioVersion = 15.0.28010.2046
MinimumVisualStudioVersion = 10.0.40219.1
Project("{FAE04EC0-301F-11D3-BF4B-00C04F79EFBC}") = "Arrays_Re_01", "Arrays_Re_01\Arrays_Re_01.csproj", "{7E66EA0E-E30D-48A4-9CD2-0021EA80AF34}"
EndProject
Global
	GlobalSection(SolutionConfigurationPlatforms) = preSolution
		Debug|Any CPU = Debug|Any CPU
		Release|Any CPU = Release|Any CPU
	EndGlobalSection
	GlobalSection(ProjectConfigurationPlatforms) = postSolution
		{7E66EA0E-E30D-48A4-9CD2-0021EA80AF34}.Debug|Any CPU.ActiveCfg = Debug|Any CPU
		{7E66EA0E-E30D-48A4-9CD2-0021EA80AF34}.Debug|Any CPU.Build.0 = Debug|Any CPU
		{7E66EA0E-E30D-48A4-9CD2-0021EA80AF34}.Release|Any CPU.ActiveCfg = Release|Any CPU
		{7E66EA0E-E30D-48A4-9CD2-0021EA80AF34}.Release|Any CPU.Build.0 = Release|Any CPU
	EndGlobalSection
	GlobalSection(SolutionProperties) = preSolution
		HideSolutionNode = FALSE
	EndGlobalSection
	GlobalSection(ExtensibilityGlobals) = postSolution
		SolutionGuid = {8ED09C2C-01DC-47B8-B860-564AA05D82FE}
	EndGlobalSection
EndGlobal
